
Microsoft Visual Studio Solution File, Format Version 12.00
# Visual Studio Version 17
VisualStudioVersion = 17.3.32929.385
MinimumVisualStudioVersion = 10.0.40219.1
Project("{54A90642-561A-4BB1-A94E-469ADEE60C69}") = "Sovos_Angular", "Sovos_Angular\Sovos_Angular.esproj", "{235F0149-1F5E-4506-8945-C264A20F1CEB}"
EndProject
Project("{FAE04EC0-301F-11D3-BF4B-00C04F79EFBC}") = "Sovos_API", "Sovos_API\Sovos_API.csproj", "{9578099A-C643-49B3-99B3-EFC312445270}"
EndProject
Global
	GlobalSection(SolutionConfigurationPlatforms) = preSolution
		Debug|Any CPU = Debug|Any CPU
		Release|Any CPU = Release|Any CPU
	EndGlobalSection
	GlobalSection(ProjectConfigurationPlatforms) = postSolution
		{235F0149-1F5E-4506-8945-C264A20F1CEB}.Debug|Any CPU.ActiveCfg = Debug|Any CPU
		{235F0149-1F5E-4506-8945-C264A20F1CEB}.Debug|Any CPU.Build.0 = Debug|Any CPU
		{235F0149-1F5E-4506-8945-C264A20F1CEB}.Debug|Any CPU.Deploy.0 = Debug|Any CPU
		{235F0149-1F5E-4506-8945-C264A20F1CEB}.Release|Any CPU.ActiveCfg = Release|Any CPU
		{235F0149-1F5E-4506-8945-C264A20F1CEB}.Release|Any CPU.Build.0 = Release|Any CPU
		{235F0149-1F5E-4506-8945-C264A20F1CEB}.Release|Any CPU.Deploy.0 = Release|Any CPU
		{9578099A-C643-49B3-99B3-EFC312445270}.Debug|Any CPU.ActiveCfg = Debug|Any CPU
		{9578099A-C643-49B3-99B3-EFC312445270}.Debug|Any CPU.Build.0 = Debug|Any CPU
		{9578099A-C643-49B3-99B3-EFC312445270}.Release|Any CPU.ActiveCfg = Release|Any CPU
		{9578099A-C643-49B3-99B3-EFC312445270}.Release|Any CPU.Build.0 = Release|Any CPU
	EndGlobalSection
	GlobalSection(SolutionProperties) = preSolution
		HideSolutionNode = FALSE
	EndGlobalSection
	GlobalSection(ExtensibilityGlobals) = postSolution
		SolutionGuid = {7AA48DEC-9683-44EB-A1AC-47D4C4FCAAD9}
	EndGlobalSection
EndGlobal
